
Microsoft Visual Studio Solution File, Format Version 12.00
# Visual Studio Version 16
VisualStudioVersion = 16.0.29709.97
MinimumVisualStudioVersion = 10.0.40219.1
Project("{9A19103F-16F7-4668-BE54-9A1E7A4F7556}") = "Tests", "Tests.csproj", "{1E975D18-E327-4A8F-8D12-049F33C8B365}"
EndProject
Project("{9A19103F-16F7-4668-BE54-9A1E7A4F7556}") = "WebApi", "..\WebApi\WebApi.csproj", "{1C29AB88-8502-40F9-8249-304BDCD73C0F}"
EndProject
Global
	GlobalSection(SolutionConfigurationPlatforms) = preSolution
		Debug|Any CPU = Debug|Any CPU
		Release|Any CPU = Release|Any CPU
	EndGlobalSection
	GlobalSection(ProjectConfigurationPlatforms) = postSolution
		{1E975D18-E327-4A8F-8D12-049F33C8B365}.Debug|Any CPU.ActiveCfg = Debug|Any CPU
		{1E975D18-E327-4A8F-8D12-049F33C8B365}.Debug|Any CPU.Build.0 = Debug|Any CPU
		{1E975D18-E327-4A8F-8D12-049F33C8B365}.Release|Any CPU.ActiveCfg = Release|Any CPU
		{1E975D18-E327-4A8F-8D12-049F33C8B365}.Release|Any CPU.Build.0 = Release|Any CPU
		{1C29AB88-8502-40F9-8249-304BDCD73C0F}.Debug|Any CPU.ActiveCfg = Debug|Any CPU
		{1C29AB88-8502-40F9-8249-304BDCD73C0F}.Debug|Any CPU.Build.0 = Debug|Any CPU
		{1C29AB88-8502-40F9-8249-304BDCD73C0F}.Release|Any CPU.ActiveCfg = Release|Any CPU
		{1C29AB88-8502-40F9-8249-304BDCD73C0F}.Release|Any CPU.Build.0 = Release|Any CPU
	EndGlobalSection
	GlobalSection(SolutionProperties) = preSolution
		HideSolutionNode = FALSE
	EndGlobalSection
	GlobalSection(ExtensibilityGlobals) = postSolution
		SolutionGuid = {E95666D2-1406-4B78-B2CA-93AED4F2349D}
	EndGlobalSection
EndGlobal
